
Microsoft Visual Studio Solution File, Format Version 12.00
# Visual Studio Version 17
VisualStudioVersion = 17.6.33829.357
MinimumVisualStudioVersion = 10.0.40219.1
Project("{FAE04EC0-301F-11D3-BF4B-00C04F79EFBC}") = "ConnectMongoDB", "ConnectMongoDB\ConnectMongoDB.csproj", "{8BE1916F-B296-4FE3-AD9A-D04F788EA388}"
EndProject
Global
	GlobalSection(SolutionConfigurationPlatforms) = preSolution
		Debug|Any CPU = Debug|Any CPU
		Release|Any CPU = Release|Any CPU
	EndGlobalSection
	GlobalSection(ProjectConfigurationPlatforms) = postSolution
		{8BE1916F-B296-4FE3-AD9A-D04F788EA388}.Debug|Any CPU.ActiveCfg = Debug|Any CPU
		{8BE1916F-B296-4FE3-AD9A-D04F788EA388}.Debug|Any CPU.Build.0 = Debug|Any CPU
		{8BE1916F-B296-4FE3-AD9A-D04F788EA388}.Release|Any CPU.ActiveCfg = Release|Any CPU
		{8BE1916F-B296-4FE3-AD9A-D04F788EA388}.Release|Any CPU.Build.0 = Release|Any CPU
	EndGlobalSection
	GlobalSection(SolutionProperties) = preSolution
		HideSolutionNode = FALSE
	EndGlobalSection
	GlobalSection(ExtensibilityGlobals) = postSolution
		SolutionGuid = {783E62C9-CB2B-4462-A36D-FB2E3EAA8A8C}
	EndGlobalSection
EndGlobal
